
Microsoft Visual Studio Solution File, Format Version 12.00
# Visual Studio Version 16
VisualStudioVersion = 16.0.29411.108
MinimumVisualStudioVersion = 10.0.40219.1
Project("{9A19103F-16F7-4668-BE54-9A1E7A4F7556}") = "Client", "Client\Client.csproj", "{2CD682C2-C8A3-4688-9210-DAE6F99C672F}"
EndProject
Project("{9A19103F-16F7-4668-BE54-9A1E7A4F7556}") = "Tests", "Tests\Tests.csproj", "{DDD80C6C-F9E9-467A-B79E-7281CBCCF5E4}"
EndProject
Project("{FAE04EC0-301F-11D3-BF4B-00C04F79EFBC}") = "Server", "Server\Server.csproj", "{0D83592D-E638-4A9B-AD3D-A254150179DE}"
EndProject
Global
	GlobalSection(SolutionConfigurationPlatforms) = preSolution
		Debug|Any CPU = Debug|Any CPU
		Release|Any CPU = Release|Any CPU
	EndGlobalSection
	GlobalSection(ProjectConfigurationPlatforms) = postSolution
		{2CD682C2-C8A3-4688-9210-DAE6F99C672F}.Debug|Any CPU.ActiveCfg = Debug|Any CPU
		{2CD682C2-C8A3-4688-9210-DAE6F99C672F}.Debug|Any CPU.Build.0 = Debug|Any CPU
		{2CD682C2-C8A3-4688-9210-DAE6F99C672F}.Release|Any CPU.ActiveCfg = Release|Any CPU
		{2CD682C2-C8A3-4688-9210-DAE6F99C672F}.Release|Any CPU.Build.0 = Release|Any CPU
		{DDD80C6C-F9E9-467A-B79E-7281CBCCF5E4}.Debug|Any CPU.ActiveCfg = Debug|Any CPU
		{DDD80C6C-F9E9-467A-B79E-7281CBCCF5E4}.Debug|Any CPU.Build.0 = Debug|Any CPU
		{DDD80C6C-F9E9-467A-B79E-7281CBCCF5E4}.Release|Any CPU.ActiveCfg = Release|Any CPU
		{DDD80C6C-F9E9-467A-B79E-7281CBCCF5E4}.Release|Any CPU.Build.0 = Release|Any CPU
		{0D83592D-E638-4A9B-AD3D-A254150179DE}.Debug|Any CPU.ActiveCfg = Debug|Any CPU
		{0D83592D-E638-4A9B-AD3D-A254150179DE}.Debug|Any CPU.Build.0 = Debug|Any CPU
		{0D83592D-E638-4A9B-AD3D-A254150179DE}.Release|Any CPU.ActiveCfg = Release|Any CPU
		{0D83592D-E638-4A9B-AD3D-A254150179DE}.Release|Any CPU.Build.0 = Release|Any CPU
	EndGlobalSection
	GlobalSection(SolutionProperties) = preSolution
		HideSolutionNode = FALSE
	EndGlobalSection
	GlobalSection(ExtensibilityGlobals) = postSolution
		SolutionGuid = {582E8D1E-FF18-439F-A0B4-ADC504BB6770}
	EndGlobalSection
EndGlobal
